
Microsoft Visual Studio Solution File, Format Version 12.00
# Visual Studio Version 17
VisualStudioVersion = 17.8.34525.116
MinimumVisualStudioVersion = 10.0.40219.1
Project("{FAE04EC0-301F-11D3-BF4B-00C04F79EFBC}") = "01. Count Real Numbers", "01. Count Real Numbers\01. Count Real Numbers.csproj", "{94564FB5-92D8-420C-8ADC-DB3F15A6156C}"
EndProject
Project("{FAE04EC0-301F-11D3-BF4B-00C04F79EFBC}") = "02. Odd Occurrences", "02. Odd Occurrences\02. Odd Occurrences.csproj", "{B80218C2-57A4-473B-B075-EC7B778330A1}"
EndProject
Project("{FAE04EC0-301F-11D3-BF4B-00C04F79EFBC}") = "03. Word Synonyms", "03. Word Synonyms\03. Word Synonyms.csproj", "{8A550B9F-7705-4AA3-9C55-3B4D3EE55C0B}"
EndProject
Project("{FAE04EC0-301F-11D3-BF4B-00C04F79EFBC}") = "04. Word Filter", "04. Word Filter\04. Word Filter.csproj", "{9B1496B9-7914-4FF9-8946-B26C1B657636}"
EndProject
Global
	GlobalSection(SolutionConfigurationPlatforms) = preSolution
		Debug|Any CPU = Debug|Any CPU
		Release|Any CPU = Release|Any CPU
	EndGlobalSection
	GlobalSection(ProjectConfigurationPlatforms) = postSolution
		{94564FB5-92D8-420C-8ADC-DB3F15A6156C}.Debug|Any CPU.ActiveCfg = Debug|Any CPU
		{94564FB5-92D8-420C-8ADC-DB3F15A6156C}.Debug|Any CPU.Build.0 = Debug|Any CPU
		{94564FB5-92D8-420C-8ADC-DB3F15A6156C}.Release|Any CPU.ActiveCfg = Release|Any CPU
		{94564FB5-92D8-420C-8ADC-DB3F15A6156C}.Release|Any CPU.Build.0 = Release|Any CPU
		{B80218C2-57A4-473B-B075-EC7B778330A1}.Debug|Any CPU.ActiveCfg = Debug|Any CPU
		{B80218C2-57A4-473B-B075-EC7B778330A1}.Debug|Any CPU.Build.0 = Debug|Any CPU
		{B80218C2-57A4-473B-B075-EC7B778330A1}.Release|Any CPU.ActiveCfg = Release|Any CPU
		{B80218C2-57A4-473B-B075-EC7B778330A1}.Release|Any CPU.Build.0 = Release|Any CPU
		{8A550B9F-7705-4AA3-9C55-3B4D3EE55C0B}.Debug|Any CPU.ActiveCfg = Debug|Any CPU
		{8A550B9F-7705-4AA3-9C55-3B4D3EE55C0B}.Debug|Any CPU.Build.0 = Debug|Any CPU
		{8A550B9F-7705-4AA3-9C55-3B4D3EE55C0B}.Release|Any CPU.ActiveCfg = Release|Any CPU
		{8A550B9F-7705-4AA3-9C55-3B4D3EE55C0B}.Release|Any CPU.Build.0 = Release|Any CPU
		{9B1496B9-7914-4FF9-8946-B26C1B657636}.Debug|Any CPU.ActiveCfg = Debug|Any CPU
		{9B1496B9-7914-4FF9-8946-B26C1B657636}.Debug|Any CPU.Build.0 = Debug|Any CPU
		{9B1496B9-7914-4FF9-8946-B26C1B657636}.Release|Any CPU.ActiveCfg = Release|Any CPU
		{9B1496B9-7914-4FF9-8946-B26C1B657636}.Release|Any CPU.Build.0 = Release|Any CPU
	EndGlobalSection
	GlobalSection(SolutionProperties) = preSolution
		HideSolutionNode = FALSE
	EndGlobalSection
	GlobalSection(ExtensibilityGlobals) = postSolution
		SolutionGuid = {2F9D6E9A-C91D-40EB-A062-86C11248DA97}
	EndGlobalSection
EndGlobal
